
Microsoft Visual Studio Solution File, Format Version 12.00
# Visual Studio Version 16
VisualStudioVersion = 16.0.31605.320
MinimumVisualStudioVersion = 10.0.40219.1
Project("{FAE04EC0-301F-11D3-BF4B-00C04F79EFBC}") = "Campingplads", "Campingplads.csproj", "{21F24EA2-7ED4-46C7-935C-413CC06D7C72}"
EndProject
Global
	GlobalSection(SolutionConfigurationPlatforms) = preSolution
		Debug|Any CPU = Debug|Any CPU
		Release|Any CPU = Release|Any CPU
	EndGlobalSection
	GlobalSection(ProjectConfigurationPlatforms) = postSolution
		{21F24EA2-7ED4-46C7-935C-413CC06D7C72}.Debug|Any CPU.ActiveCfg = Debug|Any CPU
		{21F24EA2-7ED4-46C7-935C-413CC06D7C72}.Debug|Any CPU.Build.0 = Debug|Any CPU
		{21F24EA2-7ED4-46C7-935C-413CC06D7C72}.Release|Any CPU.ActiveCfg = Release|Any CPU
		{21F24EA2-7ED4-46C7-935C-413CC06D7C72}.Release|Any CPU.Build.0 = Release|Any CPU
	EndGlobalSection
	GlobalSection(SolutionProperties) = preSolution
		HideSolutionNode = FALSE
	EndGlobalSection
	GlobalSection(ExtensibilityGlobals) = postSolution
		SolutionGuid = {D250EADD-B54E-4CCC-B08E-FEA6E3F85962}
	EndGlobalSection
EndGlobal
